{
  "name": "components",
  "lockfileVersion": 2,
  "requires": true,
  "packages": {
    "": {
      "name": "components",
      "devDependencies": {
        "@types/react-native-auth0": "^2.13.0"
      }
    },
    "node_modules/@types/react-native-auth0": {
      "version": "2.13.0",
      "resolved": "https://registry.npmjs.org/@types/react-native-auth0/-/react-native-auth0-2.13.0.tgz",
      "integrity": "sha512-yidTUnWa33inz9dj5KJfcmk38xsieG4zvgxvYWOdj27srukk6SCy2QS8P3CHd+JbkL1mbqhqEOKSeVRTA0e9pQ==",
      "dev": true
    }
  },
  "dependencies": {
    "@types/react-native-auth0": {
      "version": "2.13.0",
      "resolved": "https://registry.npmjs.org/@types/react-native-auth0/-/react-native-auth0-2.13.0.tgz",
      "integrity": "sha512-yidTUnWa33inz9dj5KJfcmk38xsieG4zvgxvYWOdj27srukk6SCy2QS8P3CHd+JbkL1mbqhqEOKSeVRTA0e9pQ==",
      "dev": true
    }
  }
}
